
Microsoft Visual Studio Solution File, Format Version 12.00
# Visual Studio Version 17
VisualStudioVersion = 17.4.33205.214
MinimumVisualStudioVersion = 10.0.40219.1
Project("{9A19103F-16F7-4668-BE54-9A1E7A4F7556}") = "TodoListAPI", "TodoListAPI\TodoListAPI.csproj", "{673F8B43-799D-4737-9763-CA9CE012A7C3}"
EndProject
Project("{9A19103F-16F7-4668-BE54-9A1E7A4F7556}") = "TodoList.FrontStage", "TodoList.FrontStage\TodoList.FrontStage.csproj", "{AEB4561A-5195-423A-892A-2B88B3A4B3A4}"
EndProject
Global
	GlobalSection(SolutionConfigurationPlatforms) = preSolution
		Debug|Any CPU = Debug|Any CPU
		Release|Any CPU = Release|Any CPU
	EndGlobalSection
	GlobalSection(ProjectConfigurationPlatforms) = postSolution
		{673F8B43-799D-4737-9763-CA9CE012A7C3}.Debug|Any CPU.ActiveCfg = Debug|Any CPU
		{673F8B43-799D-4737-9763-CA9CE012A7C3}.Debug|Any CPU.Build.0 = Debug|Any CPU
		{673F8B43-799D-4737-9763-CA9CE012A7C3}.Release|Any CPU.ActiveCfg = Release|Any CPU
		{673F8B43-799D-4737-9763-CA9CE012A7C3}.Release|Any CPU.Build.0 = Release|Any CPU
		{AEB4561A-5195-423A-892A-2B88B3A4B3A4}.Debug|Any CPU.ActiveCfg = Debug|Any CPU
		{AEB4561A-5195-423A-892A-2B88B3A4B3A4}.Debug|Any CPU.Build.0 = Debug|Any CPU
		{AEB4561A-5195-423A-892A-2B88B3A4B3A4}.Release|Any CPU.ActiveCfg = Release|Any CPU
		{AEB4561A-5195-423A-892A-2B88B3A4B3A4}.Release|Any CPU.Build.0 = Release|Any CPU
	EndGlobalSection
	GlobalSection(SolutionProperties) = preSolution
		HideSolutionNode = FALSE
	EndGlobalSection
	GlobalSection(ExtensibilityGlobals) = postSolution
		SolutionGuid = {31A46A77-7BC2-4A50-A111-B958C09DB97E}
	EndGlobalSection
EndGlobal
